
Microsoft Visual Studio Solution File, Format Version 11.00
# Visual Studio 2010
Project("{8BC9CEB8-8B4A-11D0-8D11-00A0C91BC942}") = "tINK", "tINK\tINK.vcxproj", "{C3D9F390-CADE-4A46-8237-0265585345BA}"
EndProject
Global
	GlobalSection(SolutionConfigurationPlatforms) = preSolution
		Debug|Win32 = Debug|Win32
		Release|Win32 = Release|Win32
	EndGlobalSection
	GlobalSection(ProjectConfigurationPlatforms) = postSolution
		{C3D9F390-CADE-4A46-8237-0265585345BA}.Debug|Win32.ActiveCfg = Debug|Win32
		{C3D9F390-CADE-4A46-8237-0265585345BA}.Debug|Win32.Build.0 = Debug|Win32
		{C3D9F390-CADE-4A46-8237-0265585345BA}.Release|Win32.ActiveCfg = Release|Win32
		{C3D9F390-CADE-4A46-8237-0265585345BA}.Release|Win32.Build.0 = Release|Win32
	EndGlobalSection
	GlobalSection(SolutionProperties) = preSolution
		HideSolutionNode = FALSE
	EndGlobalSection
EndGlobal
